
Microsoft Visual Studio Solution File, Format Version 12.00
# Visual Studio Version 17
VisualStudioVersion = 17.4.33213.308
MinimumVisualStudioVersion = 10.0.40219.1
Project("{2150E333-8FDC-42A3-9474-1A3956D46DE8}") = "src", "src", "{554399FE-197E-4161-989E-FB9A30437BF9}"
EndProject
Project("{2150E333-8FDC-42A3-9474-1A3956D46DE8}") = "ApiGateways", "ApiGateways", "{92E1CEF1-BD32-4B0B-9F4F-B14517F1F3B5}"
EndProject
Project("{2150E333-8FDC-42A3-9474-1A3956D46DE8}") = "BuildingBlocks", "BuildingBlocks", "{ABF44981-6C55-4EAF-B710-A0914858EC89}"
EndProject
Project("{2150E333-8FDC-42A3-9474-1A3956D46DE8}") = "Services", "Services", "{891DED68-F694-42A5-95D1-4DDE3B1233A6}"
EndProject
Project("{2150E333-8FDC-42A3-9474-1A3956D46DE8}") = "Basket", "Basket", "{C9629154-23DA-4812-97C8-ADAE90D1D286}"
EndProject
Project("{2150E333-8FDC-42A3-9474-1A3956D46DE8}") = "Catalog", "Catalog", "{E4761F93-812D-44B7-A5AC-5707918FB3DF}"
EndProject
Project("{9A19103F-16F7-4668-BE54-9A1E7A4F7556}") = "Basket.Domain", "Services\Basket\Basket.Domain\Basket.Domain.csproj", "{37F0EA7A-40A8-4CDB-9D87-9A998E875CFA}"
EndProject
Project("{9A19103F-16F7-4668-BE54-9A1E7A4F7556}") = "Basket.Infrastructure", "Services\Basket\Basket.Infrastructure\Basket.Infrastructure.csproj", "{53C20AB6-687F-465C-ADA9-2708B4E1C2A2}"
EndProject
Project("{9A19103F-16F7-4668-BE54-9A1E7A4F7556}") = "Catalog.Domain", "Services\Catalog\Catalog.Domain\Catalog.Domain.csproj", "{F5B7F2A1-9C20-418C-A2D6-0E4F056083FF}"
EndProject
Project("{9A19103F-16F7-4668-BE54-9A1E7A4F7556}") = "Catalog.Infrastructure", "Services\Catalog\Catalog.Infrastructure\Catalog.Infrastructure.csproj", "{4E4BBAF7-1F06-46A6-B30B-645E42CDF9C6}"
EndProject
Project("{9A19103F-16F7-4668-BE54-9A1E7A4F7556}") = "Basket.API", "Services\Basket\Basket.API\Basket.API.csproj", "{DF27CC23-39A7-4D8E-A62E-1D9B9B1509A3}"
EndProject
Project("{9A19103F-16F7-4668-BE54-9A1E7A4F7556}") = "Catalog.API", "Services\Catalog\Catalog.API\Catalog.API.csproj", "{5CA133F6-2960-446D-B228-1A4C66FBCDD1}"
EndProject
Project("{E53339B2-1760-4266-BCC7-CA923CBCF16C}") = "docker-compose", "docker-compose.dcproj", "{B52AC8A4-DAC2-4157-BD3C-4144E09E95FC}"
EndProject
Project("{2150E333-8FDC-42A3-9474-1A3956D46DE8}") = "Integration", "Integration", "{2A394AD5-2ECC-4DB0-AD33-E115D7588F03}"
EndProject
Project("{9A19103F-16F7-4668-BE54-9A1E7A4F7556}") = "Common.Integration", "BuildingBlocks\Integration\Common.Integration\Common.Integration.csproj", "{F52822B6-A5D4-4CA7-B843-6FF948BD320D}"
EndProject
Project("{FAE04EC0-301F-11D3-BF4B-00C04F79EFBC}") = "IntegrationEventEF", "BuildingBlocks\IntegrationEventEF\IntegrationEventEF.csproj", "{8858ABD1-C122-4CBF-863A-014CD1D847B9}"
EndProject
Global
	GlobalSection(SolutionConfigurationPlatforms) = preSolution
		Debug|Any CPU = Debug|Any CPU
		Release|Any CPU = Release|Any CPU
	EndGlobalSection
	GlobalSection(ProjectConfigurationPlatforms) = postSolution
		{37F0EA7A-40A8-4CDB-9D87-9A998E875CFA}.Debug|Any CPU.ActiveCfg = Debug|Any CPU
		{37F0EA7A-40A8-4CDB-9D87-9A998E875CFA}.Debug|Any CPU.Build.0 = Debug|Any CPU
		{37F0EA7A-40A8-4CDB-9D87-9A998E875CFA}.Release|Any CPU.ActiveCfg = Release|Any CPU
		{37F0EA7A-40A8-4CDB-9D87-9A998E875CFA}.Release|Any CPU.Build.0 = Release|Any CPU
		{53C20AB6-687F-465C-ADA9-2708B4E1C2A2}.Debug|Any CPU.ActiveCfg = Debug|Any CPU
		{53C20AB6-687F-465C-ADA9-2708B4E1C2A2}.Debug|Any CPU.Build.0 = Debug|Any CPU
		{53C20AB6-687F-465C-ADA9-2708B4E1C2A2}.Release|Any CPU.ActiveCfg = Release|Any CPU
		{53C20AB6-687F-465C-ADA9-2708B4E1C2A2}.Release|Any CPU.Build.0 = Release|Any CPU
		{F5B7F2A1-9C20-418C-A2D6-0E4F056083FF}.Debug|Any CPU.ActiveCfg = Debug|Any CPU
		{F5B7F2A1-9C20-418C-A2D6-0E4F056083FF}.Debug|Any CPU.Build.0 = Debug|Any CPU
		{F5B7F2A1-9C20-418C-A2D6-0E4F056083FF}.Release|Any CPU.ActiveCfg = Release|Any CPU
		{F5B7F2A1-9C20-418C-A2D6-0E4F056083FF}.Release|Any CPU.Build.0 = Release|Any CPU
		{4E4BBAF7-1F06-46A6-B30B-645E42CDF9C6}.Debug|Any CPU.ActiveCfg = Debug|Any CPU
		{4E4BBAF7-1F06-46A6-B30B-645E42CDF9C6}.Debug|Any CPU.Build.0 = Debug|Any CPU
		{4E4BBAF7-1F06-46A6-B30B-645E42CDF9C6}.Release|Any CPU.ActiveCfg = Release|Any CPU
		{4E4BBAF7-1F06-46A6-B30B-645E42CDF9C6}.Release|Any CPU.Build.0 = Release|Any CPU
		{DF27CC23-39A7-4D8E-A62E-1D9B9B1509A3}.Debug|Any CPU.ActiveCfg = Debug|Any CPU
		{DF27CC23-39A7-4D8E-A62E-1D9B9B1509A3}.Debug|Any CPU.Build.0 = Debug|Any CPU
		{DF27CC23-39A7-4D8E-A62E-1D9B9B1509A3}.Release|Any CPU.ActiveCfg = Release|Any CPU
		{DF27CC23-39A7-4D8E-A62E-1D9B9B1509A3}.Release|Any CPU.Build.0 = Release|Any CPU
		{5CA133F6-2960-446D-B228-1A4C66FBCDD1}.Debug|Any CPU.ActiveCfg = Debug|Any CPU
		{5CA133F6-2960-446D-B228-1A4C66FBCDD1}.Debug|Any CPU.Build.0 = Debug|Any CPU
		{5CA133F6-2960-446D-B228-1A4C66FBCDD1}.Release|Any CPU.ActiveCfg = Release|Any CPU
		{5CA133F6-2960-446D-B228-1A4C66FBCDD1}.Release|Any CPU.Build.0 = Release|Any CPU
		{B52AC8A4-DAC2-4157-BD3C-4144E09E95FC}.Debug|Any CPU.ActiveCfg = Debug|Any CPU
		{B52AC8A4-DAC2-4157-BD3C-4144E09E95FC}.Debug|Any CPU.Build.0 = Debug|Any CPU
		{B52AC8A4-DAC2-4157-BD3C-4144E09E95FC}.Release|Any CPU.ActiveCfg = Release|Any CPU
		{B52AC8A4-DAC2-4157-BD3C-4144E09E95FC}.Release|Any CPU.Build.0 = Release|Any CPU
		{F52822B6-A5D4-4CA7-B843-6FF948BD320D}.Debug|Any CPU.ActiveCfg = Debug|Any CPU
		{F52822B6-A5D4-4CA7-B843-6FF948BD320D}.Debug|Any CPU.Build.0 = Debug|Any CPU
		{F52822B6-A5D4-4CA7-B843-6FF948BD320D}.Release|Any CPU.ActiveCfg = Release|Any CPU
		{F52822B6-A5D4-4CA7-B843-6FF948BD320D}.Release|Any CPU.Build.0 = Release|Any CPU
		{8858ABD1-C122-4CBF-863A-014CD1D847B9}.Debug|Any CPU.ActiveCfg = Debug|Any CPU
		{8858ABD1-C122-4CBF-863A-014CD1D847B9}.Debug|Any CPU.Build.0 = Debug|Any CPU
		{8858ABD1-C122-4CBF-863A-014CD1D847B9}.Release|Any CPU.ActiveCfg = Release|Any CPU
		{8858ABD1-C122-4CBF-863A-014CD1D847B9}.Release|Any CPU.Build.0 = Release|Any CPU
	EndGlobalSection
	GlobalSection(SolutionProperties) = preSolution
		HideSolutionNode = FALSE
	EndGlobalSection
	GlobalSection(NestedProjects) = preSolution
		{92E1CEF1-BD32-4B0B-9F4F-B14517F1F3B5} = {554399FE-197E-4161-989E-FB9A30437BF9}
		{ABF44981-6C55-4EAF-B710-A0914858EC89} = {554399FE-197E-4161-989E-FB9A30437BF9}
		{891DED68-F694-42A5-95D1-4DDE3B1233A6} = {554399FE-197E-4161-989E-FB9A30437BF9}
		{C9629154-23DA-4812-97C8-ADAE90D1D286} = {891DED68-F694-42A5-95D1-4DDE3B1233A6}
		{E4761F93-812D-44B7-A5AC-5707918FB3DF} = {891DED68-F694-42A5-95D1-4DDE3B1233A6}
		{37F0EA7A-40A8-4CDB-9D87-9A998E875CFA} = {C9629154-23DA-4812-97C8-ADAE90D1D286}
		{53C20AB6-687F-465C-ADA9-2708B4E1C2A2} = {C9629154-23DA-4812-97C8-ADAE90D1D286}
		{F5B7F2A1-9C20-418C-A2D6-0E4F056083FF} = {E4761F93-812D-44B7-A5AC-5707918FB3DF}
		{4E4BBAF7-1F06-46A6-B30B-645E42CDF9C6} = {E4761F93-812D-44B7-A5AC-5707918FB3DF}
		{DF27CC23-39A7-4D8E-A62E-1D9B9B1509A3} = {C9629154-23DA-4812-97C8-ADAE90D1D286}
		{5CA133F6-2960-446D-B228-1A4C66FBCDD1} = {E4761F93-812D-44B7-A5AC-5707918FB3DF}
		{2A394AD5-2ECC-4DB0-AD33-E115D7588F03} = {ABF44981-6C55-4EAF-B710-A0914858EC89}
		{F52822B6-A5D4-4CA7-B843-6FF948BD320D} = {2A394AD5-2ECC-4DB0-AD33-E115D7588F03}
		{8858ABD1-C122-4CBF-863A-014CD1D847B9} = {2A394AD5-2ECC-4DB0-AD33-E115D7588F03}
	EndGlobalSection
	GlobalSection(ExtensibilityGlobals) = postSolution
		SolutionGuid = {001D4B00-B0FA-47C5-BD1C-A5F2330A0D3C}
	EndGlobalSection
EndGlobal
